
Microsoft Visual Studio Solution File, Format Version 12.00
# Visual Studio Version 16
VisualStudioVersion = 16.0.29418.71
MinimumVisualStudioVersion = 10.0.40219.1
Project("{9A19103F-16F7-4668-BE54-9A1E7A4F7556}") = "Logic", "..\Logic\Logic.csproj", "{C57B7ECB-F958-44BA-AE35-002C2C4CAED7}"
EndProject
Project("{9A19103F-16F7-4668-BE54-9A1E7A4F7556}") = "NewCode", "..\NewCode\NewCode.csproj", "{BF996A11-FD9C-4EAC-AFE6-DA909C2F23BF}"
EndProject
Project("{9A19103F-16F7-4668-BE54-9A1E7A4F7556}") = "Grains", "..\Grains\Grains.csproj", "{A5719E66-E94F-4A95-BC66-7B882268ABEE}"
EndProject
Project("{9A19103F-16F7-4668-BE54-9A1E7A4F7556}") = "Interface", "..\Interface\Interface.csproj", "{A5DE4454-98A4-400A-AF96-44E8F5BD4343}"
EndProject
Project("{FAE04EC0-301F-11D3-BF4B-00C04F79EFBC}") = "Model", "Model\Model.csproj", "{9EDF6EF6-B2CB-42FE-A3EC-C72AC3B176BF}"
EndProject
Global
	GlobalSection(SolutionConfigurationPlatforms) = preSolution
		Debug|Any CPU = Debug|Any CPU
		Release|Any CPU = Release|Any CPU
	EndGlobalSection
	GlobalSection(ProjectConfigurationPlatforms) = postSolution
		{C57B7ECB-F958-44BA-AE35-002C2C4CAED7}.Debug|Any CPU.ActiveCfg = Debug|Any CPU
		{C57B7ECB-F958-44BA-AE35-002C2C4CAED7}.Debug|Any CPU.Build.0 = Debug|Any CPU
		{C57B7ECB-F958-44BA-AE35-002C2C4CAED7}.Release|Any CPU.ActiveCfg = Release|Any CPU
		{C57B7ECB-F958-44BA-AE35-002C2C4CAED7}.Release|Any CPU.Build.0 = Release|Any CPU
		{BF996A11-FD9C-4EAC-AFE6-DA909C2F23BF}.Debug|Any CPU.ActiveCfg = Debug|Any CPU
		{BF996A11-FD9C-4EAC-AFE6-DA909C2F23BF}.Debug|Any CPU.Build.0 = Debug|Any CPU
		{BF996A11-FD9C-4EAC-AFE6-DA909C2F23BF}.Release|Any CPU.ActiveCfg = Release|Any CPU
		{BF996A11-FD9C-4EAC-AFE6-DA909C2F23BF}.Release|Any CPU.Build.0 = Release|Any CPU
		{A5719E66-E94F-4A95-BC66-7B882268ABEE}.Debug|Any CPU.ActiveCfg = Debug|Any CPU
		{A5719E66-E94F-4A95-BC66-7B882268ABEE}.Debug|Any CPU.Build.0 = Debug|Any CPU
		{A5719E66-E94F-4A95-BC66-7B882268ABEE}.Release|Any CPU.ActiveCfg = Release|Any CPU
		{A5719E66-E94F-4A95-BC66-7B882268ABEE}.Release|Any CPU.Build.0 = Release|Any CPU
		{A5DE4454-98A4-400A-AF96-44E8F5BD4343}.Debug|Any CPU.ActiveCfg = Debug|Any CPU
		{A5DE4454-98A4-400A-AF96-44E8F5BD4343}.Debug|Any CPU.Build.0 = Debug|Any CPU
		{A5DE4454-98A4-400A-AF96-44E8F5BD4343}.Release|Any CPU.ActiveCfg = Release|Any CPU
		{A5DE4454-98A4-400A-AF96-44E8F5BD4343}.Release|Any CPU.Build.0 = Release|Any CPU
		{9EDF6EF6-B2CB-42FE-A3EC-C72AC3B176BF}.Debug|Any CPU.ActiveCfg = Debug|Any CPU
		{9EDF6EF6-B2CB-42FE-A3EC-C72AC3B176BF}.Debug|Any CPU.Build.0 = Debug|Any CPU
		{9EDF6EF6-B2CB-42FE-A3EC-C72AC3B176BF}.Release|Any CPU.ActiveCfg = Release|Any CPU
		{9EDF6EF6-B2CB-42FE-A3EC-C72AC3B176BF}.Release|Any CPU.Build.0 = Release|Any CPU
	EndGlobalSection
	GlobalSection(SolutionProperties) = preSolution
		HideSolutionNode = FALSE
	EndGlobalSection
	GlobalSection(ExtensibilityGlobals) = postSolution
		SolutionGuid = {A564527C-74A4-41EB-83A5-AE8A00A5F7E5}
	EndGlobalSection
EndGlobal
